
Microsoft Visual Studio Solution File, Format Version 12.00
# Visual Studio Version 17
VisualStudioVersion = 17.14.36603.0 d17.14
MinimumVisualStudioVersion = 10.0.40219.1
Project("{2150E333-8FDC-42A3-9474-1A3956D46DE8}") = "Task0", "Task0", "{02EA681E-C7D8-13C7-8484-4AC65E1B71E8}"
EndProject
Project("{FAE04EC0-301F-11D3-BF4B-00C04F79EFBC}") = "Tyuiu.MoskalevEA.Sprint5.Task0.V5", "Tyuiu.MoskalevEA.Sprint5.Task0.V5\Tyuiu.MoskalevEA.Sprint5.Task0.V5.csproj", "{DB321851-269B-4125-B420-9C6F96C638F7}"
EndProject
Project("{FAE04EC0-301F-11D3-BF4B-00C04F79EFBC}") = "Tyuiu.MoskalevEA.Sprint5.Task0.V5.Lib", "Tyuiu.MoskalevEA.Sprint5.Task0.V5.Lib\Tyuiu.MoskalevEA.Sprint5.Task0.V5.Lib.csproj", "{6B9704D9-26F2-4C54-8B31-312EFFFEAF83}"
EndProject
Project("{FAE04EC0-301F-11D3-BF4B-00C04F79EFBC}") = "Tyuiu.MoskalevEA.Sprint5.Task0.V5.Test", "Tyuiu.MoskalevEA.Sprint5.Task0.V5.Test\Tyuiu.MoskalevEA.Sprint5.Task0.V5.Test.csproj", "{1E9933CC-ADC5-46D8-BFC8-2ADD14E79DDE}"
EndProject
Project("{2150E333-8FDC-42A3-9474-1A3956D46DE8}") = "Task1", "Task1", "{79F5C15E-BE34-45AF-B60B-59B174C1F205}"
EndProject
Project("{FAE04EC0-301F-11D3-BF4B-00C04F79EFBC}") = "Tyuiu.MoskalevEA.Sprint5.Task1.V17", "Tyuiu.MoskalevEA.Sprint5.Task1.V17\Tyuiu.MoskalevEA.Sprint5.Task1.V17.csproj", "{AB2740CD-F685-4BF5-B1EB-E6259602527B}"
EndProject
Project("{FAE04EC0-301F-11D3-BF4B-00C04F79EFBC}") = "Tyuiu.MoskalevEA.Sprint5.Task1.V17.Lib", "Tyuiu.MoskalevEA.Sprint5.Task1.V17.Lib\Tyuiu.MoskalevEA.Sprint5.Task1.V17.Lib.csproj", "{837F2FD7-5B3E-4E0C-93A3-32130B58A129}"
EndProject
Project("{FAE04EC0-301F-11D3-BF4B-00C04F79EFBC}") = "Tyuiu.MoskalevEA.Sprint5.Task1.V17.Test", "Tyuiu.MoskalevEA.Sprint5.Task1.V17.Test\Tyuiu.MoskalevEA.Sprint5.Task1.V17.Test.csproj", "{589D23F8-7FCC-4C57-BF69-D774D291D43A}"
EndProject
Project("{2150E333-8FDC-42A3-9474-1A3956D46DE8}") = "Task2", "Task2", "{99EB0AB3-7177-4326-A411-10998B6C07DC}"
EndProject
Project("{FAE04EC0-301F-11D3-BF4B-00C04F79EFBC}") = "Tyuiu.MoskalevEA.Sprint5.Task2.V30", "Tyuiu.MoskalevEA.Sprint5.Task2.V30\Tyuiu.MoskalevEA.Sprint5.Task2.V30.csproj", "{F029D411-BC5F-4C97-A383-81902422284E}"
EndProject
Project("{FAE04EC0-301F-11D3-BF4B-00C04F79EFBC}") = "Tyuiu.MoskalevEA.Sprint5.Task2.V30.Lib", "Tyuiu.MoskalevEA.Sprint5.Task2.V30.Lib\Tyuiu.MoskalevEA.Sprint5.Task2.V30.Lib.csproj", "{D8A104DC-8F8B-47FD-BDB6-BCABC23A4072}"
EndProject
Project("{FAE04EC0-301F-11D3-BF4B-00C04F79EFBC}") = "Tyuiu.MoskalevEA.Sprint5.Task2.V30.Test", "Tyuiu.MoskalevEA.Sprint5.Task2.V30.Test\Tyuiu.MoskalevEA.Sprint5.Task2.V30.Test.csproj", "{A61B2EA3-569B-41B2-8225-4D478A806042}"
EndProject
Project("{2150E333-8FDC-42A3-9474-1A3956D46DE8}") = "Task3", "Task3", "{BD681FA6-BF8C-4029-A2F7-D67457605874}"
EndProject
Project("{FAE04EC0-301F-11D3-BF4B-00C04F79EFBC}") = "Tyuiu.MoskalevEA.Sprint5.Task3.V14", "Tyuiu.MoskalevEA.Sprint5.Task3.V14\Tyuiu.MoskalevEA.Sprint5.Task3.V14.csproj", "{99E6CAA1-038E-4C8D-B68F-4EA3AF1EE496}"
EndProject
Project("{FAE04EC0-301F-11D3-BF4B-00C04F79EFBC}") = "Tyuiu.MoskalevEA.Sprint5.Task3.V14.Lib", "Tyuiu.MoskalevEA.Sprint5.Task3.V14.Lib\Tyuiu.MoskalevEA.Sprint5.Task3.V14.Lib.csproj", "{5DD7A99C-7C62-4258-B287-8B22EB3567F6}"
EndProject
Project("{FAE04EC0-301F-11D3-BF4B-00C04F79EFBC}") = "Tyuiu.MoskalevEA.Sprint5.Task3.V14.Test", "Tyuiu.MoskalevEA.Sprint5.Task3.V14.Test\Tyuiu.MoskalevEA.Sprint5.Task3.V14.Test.csproj", "{F41582FB-5410-41EB-AE35-E6EBEEEC1A95}"
EndProject
Project("{2150E333-8FDC-42A3-9474-1A3956D46DE8}") = "Task4", "Task4", "{D3680EDA-AEC2-425B-8BA6-3DA0A55234DE}"
EndProject
Project("{FAE04EC0-301F-11D3-BF4B-00C04F79EFBC}") = "Tyuiu.MoskalevEA.Sprint5.Task4.V15", "Tyuiu.MoskalevEA.Sprint5.Task4.V15\Tyuiu.MoskalevEA.Sprint5.Task4.V15.csproj", "{59FBA74B-7E07-4332-A559-C7BADE0622CA}"
EndProject
Project("{FAE04EC0-301F-11D3-BF4B-00C04F79EFBC}") = "Tyuiu.MoskalevEA.Sprint5.Task4.V15.Lib", "Tyuiu.MoskalevEA.Sprint5.Task4.V15.Lib\Tyuiu.MoskalevEA.Sprint5.Task4.V15.Lib.csproj", "{BA4C2A88-8704-4BCD-90E0-272EF216631F}"
EndProject
Project("{FAE04EC0-301F-11D3-BF4B-00C04F79EFBC}") = "Tyuiu.MoskalevEA.Sprint5.Task4.V15.Test", "Tyuiu.MoskalevEA.Sprint5.Task4.V15.Test\Tyuiu.MoskalevEA.Sprint5.Task4.V15.Test.csproj", "{BB1E3725-B2DC-46F2-9ECC-9C47005AC50B}"
EndProject
Project("{2150E333-8FDC-42A3-9474-1A3956D46DE8}") = "Task5", "Task5", "{EC06DE08-3BF2-4417-8942-D8A241E20700}"
EndProject
Project("{FAE04EC0-301F-11D3-BF4B-00C04F79EFBC}") = "Tyuiu.MoskalevEA.Sprint5.Task5.V16", "Tyuiu.MoskalevEA.Sprint5.Task5.V16\Tyuiu.MoskalevEA.Sprint5.Task5.V16.csproj", "{070CEAD5-D90A-464D-AC0E-C5885099A1DC}"
EndProject
Project("{FAE04EC0-301F-11D3-BF4B-00C04F79EFBC}") = "Tyuiu.MoskalevEA.Sprint5.Task5.V16.Lib", "Tyuiu.MoskalevEA.Sprint5.Task5.V16.Lib\Tyuiu.MoskalevEA.Sprint5.Task5.V16.Lib.csproj", "{FB2DA382-480B-421B-B4C7-959A5EF0C0FF}"
EndProject
Project("{FAE04EC0-301F-11D3-BF4B-00C04F79EFBC}") = "Tyuiu.MoskalevEA.Sprint5.Task5.V16.Test", "Tyuiu.MoskalevEA.Sprint5.Task5.V16.Test\Tyuiu.MoskalevEA.Sprint5.Task5.V16.Test.csproj", "{BFC9B326-8C6D-47D8-B7C3-8E3B247817D0}"
EndProject
Global
	GlobalSection(SolutionConfigurationPlatforms) = preSolution
		Debug|Any CPU = Debug|Any CPU
		Release|Any CPU = Release|Any CPU
	EndGlobalSection
	GlobalSection(ProjectConfigurationPlatforms) = postSolution
		{DB321851-269B-4125-B420-9C6F96C638F7}.Debug|Any CPU.ActiveCfg = Debug|Any CPU
		{DB321851-269B-4125-B420-9C6F96C638F7}.Debug|Any CPU.Build.0 = Debug|Any CPU
		{DB321851-269B-4125-B420-9C6F96C638F7}.Release|Any CPU.ActiveCfg = Release|Any CPU
		{DB321851-269B-4125-B420-9C6F96C638F7}.Release|Any CPU.Build.0 = Release|Any CPU
		{6B9704D9-26F2-4C54-8B31-312EFFFEAF83}.Debug|Any CPU.ActiveCfg = Debug|Any CPU
		{6B9704D9-26F2-4C54-8B31-312EFFFEAF83}.Debug|Any CPU.Build.0 = Debug|Any CPU
		{6B9704D9-26F2-4C54-8B31-312EFFFEAF83}.Release|Any CPU.ActiveCfg = Release|Any CPU
		{6B9704D9-26F2-4C54-8B31-312EFFFEAF83}.Release|Any CPU.Build.0 = Release|Any CPU
		{1E9933CC-ADC5-46D8-BFC8-2ADD14E79DDE}.Debug|Any CPU.ActiveCfg = Debug|Any CPU
		{1E9933CC-ADC5-46D8-BFC8-2ADD14E79DDE}.Debug|Any CPU.Build.0 = Debug|Any CPU
		{1E9933CC-ADC5-46D8-BFC8-2ADD14E79DDE}.Release|Any CPU.ActiveCfg = Release|Any CPU
		{1E9933CC-ADC5-46D8-BFC8-2ADD14E79DDE}.Release|Any CPU.Build.0 = Release|Any CPU
		{AB2740CD-F685-4BF5-B1EB-E6259602527B}.Debug|Any CPU.ActiveCfg = Debug|Any CPU
		{AB2740CD-F685-4BF5-B1EB-E6259602527B}.Debug|Any CPU.Build.0 = Debug|Any CPU
		{AB2740CD-F685-4BF5-B1EB-E6259602527B}.Release|Any CPU.ActiveCfg = Release|Any CPU
		{AB2740CD-F685-4BF5-B1EB-E6259602527B}.Release|Any CPU.Build.0 = Release|Any CPU
		{837F2FD7-5B3E-4E0C-93A3-32130B58A129}.Debug|Any CPU.ActiveCfg = Debug|Any CPU
		{837F2FD7-5B3E-4E0C-93A3-32130B58A129}.Debug|Any CPU.Build.0 = Debug|Any CPU
		{837F2FD7-5B3E-4E0C-93A3-32130B58A129}.Release|Any CPU.ActiveCfg = Release|Any CPU
		{837F2FD7-5B3E-4E0C-93A3-32130B58A129}.Release|Any CPU.Build.0 = Release|Any CPU
		{589D23F8-7FCC-4C57-BF69-D774D291D43A}.Debug|Any CPU.ActiveCfg = Debug|Any CPU
		{589D23F8-7FCC-4C57-BF69-D774D291D43A}.Debug|Any CPU.Build.0 = Debug|Any CPU
		{589D23F8-7FCC-4C57-BF69-D774D291D43A}.Release|Any CPU.ActiveCfg = Release|Any CPU
		{589D23F8-7FCC-4C57-BF69-D774D291D43A}.Release|Any CPU.Build.0 = Release|Any CPU
		{F029D411-BC5F-4C97-A383-81902422284E}.Debug|Any CPU.ActiveCfg = Debug|Any CPU
		{F029D411-BC5F-4C97-A383-81902422284E}.Debug|Any CPU.Build.0 = Debug|Any CPU
		{F029D411-BC5F-4C97-A383-81902422284E}.Release|Any CPU.ActiveCfg = Release|Any CPU
		{F029D411-BC5F-4C97-A383-81902422284E}.Release|Any CPU.Build.0 = Release|Any CPU
		{D8A104DC-8F8B-47FD-BDB6-BCABC23A4072}.Debug|Any CPU.ActiveCfg = Debug|Any CPU
		{D8A104DC-8F8B-47FD-BDB6-BCABC23A4072}.Debug|Any CPU.Build.0 = Debug|Any CPU
		{D8A104DC-8F8B-47FD-BDB6-BCABC23A4072}.Release|Any CPU.ActiveCfg = Release|Any CPU
		{D8A104DC-8F8B-47FD-BDB6-BCABC23A4072}.Release|Any CPU.Build.0 = Release|Any CPU
		{A61B2EA3-569B-41B2-8225-4D478A806042}.Debug|Any CPU.ActiveCfg = Debug|Any CPU
		{A61B2EA3-569B-41B2-8225-4D478A806042}.Debug|Any CPU.Build.0 = Debug|Any CPU
		{A61B2EA3-569B-41B2-8225-4D478A806042}.Release|Any CPU.ActiveCfg = Release|Any CPU
		{A61B2EA3-569B-41B2-8225-4D478A806042}.Release|Any CPU.Build.0 = Release|Any CPU
		{99E6CAA1-038E-4C8D-B68F-4EA3AF1EE496}.Debug|Any CPU.ActiveCfg = Debug|Any CPU
		{99E6CAA1-038E-4C8D-B68F-4EA3AF1EE496}.Debug|Any CPU.Build.0 = Debug|Any CPU
		{99E6CAA1-038E-4C8D-B68F-4EA3AF1EE496}.Release|Any CPU.ActiveCfg = Release|Any CPU
		{99E6CAA1-038E-4C8D-B68F-4EA3AF1EE496}.Release|Any CPU.Build.0 = Release|Any CPU
		{5DD7A99C-7C62-4258-B287-8B22EB3567F6}.Debug|Any CPU.ActiveCfg = Debug|Any CPU
		{5DD7A99C-7C62-4258-B287-8B22EB3567F6}.Debug|Any CPU.Build.0 = Debug|Any CPU
		{5DD7A99C-7C62-4258-B287-8B22EB3567F6}.Release|Any CPU.ActiveCfg = Release|Any CPU
		{5DD7A99C-7C62-4258-B287-8B22EB3567F6}.Release|Any CPU.Build.0 = Release|Any CPU
		{F41582FB-5410-41EB-AE35-E6EBEEEC1A95}.Debug|Any CPU.ActiveCfg = Debug|Any CPU
		{F41582FB-5410-41EB-AE35-E6EBEEEC1A95}.Debug|Any CPU.Build.0 = Debug|Any CPU
		{F41582FB-5410-41EB-AE35-E6EBEEEC1A95}.Release|Any CPU.ActiveCfg = Release|Any CPU
		{F41582FB-5410-41EB-AE35-E6EBEEEC1A95}.Release|Any CPU.Build.0 = Release|Any CPU
		{59FBA74B-7E07-4332-A559-C7BADE0622CA}.Debug|Any CPU.ActiveCfg = Debug|Any CPU
		{59FBA74B-7E07-4332-A559-C7BADE0622CA}.Debug|Any CPU.Build.0 = Debug|Any CPU
		{59FBA74B-7E07-4332-A559-C7BADE0622CA}.Release|Any CPU.ActiveCfg = Release|Any CPU
		{59FBA74B-7E07-4332-A559-C7BADE0622CA}.Release|Any CPU.Build.0 = Release|Any CPU
		{BA4C2A88-8704-4BCD-90E0-272EF216631F}.Debug|Any CPU.ActiveCfg = Debug|Any CPU
		{BA4C2A88-8704-4BCD-90E0-272EF216631F}.Debug|Any CPU.Build.0 = Debug|Any CPU
		{BA4C2A88-8704-4BCD-90E0-272EF216631F}.Release|Any CPU.ActiveCfg = Release|Any CPU
		{BA4C2A88-8704-4BCD-90E0-272EF216631F}.Release|Any CPU.Build.0 = Release|Any CPU
		{BB1E3725-B2DC-46F2-9ECC-9C47005AC50B}.Debug|Any CPU.ActiveCfg = Debug|Any CPU
		{BB1E3725-B2DC-46F2-9ECC-9C47005AC50B}.Debug|Any CPU.Build.0 = Debug|Any CPU
		{BB1E3725-B2DC-46F2-9ECC-9C47005AC50B}.Release|Any CPU.ActiveCfg = Release|Any CPU
		{BB1E3725-B2DC-46F2-9ECC-9C47005AC50B}.Release|Any CPU.Build.0 = Release|Any CPU
		{070CEAD5-D90A-464D-AC0E-C5885099A1DC}.Debug|Any CPU.ActiveCfg = Debug|Any CPU
		{070CEAD5-D90A-464D-AC0E-C5885099A1DC}.Debug|Any CPU.Build.0 = Debug|Any CPU
		{070CEAD5-D90A-464D-AC0E-C5885099A1DC}.Release|Any CPU.ActiveCfg = Release|Any CPU
		{070CEAD5-D90A-464D-AC0E-C5885099A1DC}.Release|Any CPU.Build.0 = Release|Any CPU
		{FB2DA382-480B-421B-B4C7-959A5EF0C0FF}.Debug|Any CPU.ActiveCfg = Debug|Any CPU
		{FB2DA382-480B-421B-B4C7-959A5EF0C0FF}.Debug|Any CPU.Build.0 = Debug|Any CPU
		{FB2DA382-480B-421B-B4C7-959A5EF0C0FF}.Release|Any CPU.ActiveCfg = Release|Any CPU
		{FB2DA382-480B-421B-B4C7-959A5EF0C0FF}.Release|Any CPU.Build.0 = Release|Any CPU
		{BFC9B326-8C6D-47D8-B7C3-8E3B247817D0}.Debug|Any CPU.ActiveCfg = Debug|Any CPU
		{BFC9B326-8C6D-47D8-B7C3-8E3B247817D0}.Debug|Any CPU.Build.0 = Debug|Any CPU
		{BFC9B326-8C6D-47D8-B7C3-8E3B247817D0}.Release|Any CPU.ActiveCfg = Release|Any CPU
		{BFC9B326-8C6D-47D8-B7C3-8E3B247817D0}.Release|Any CPU.Build.0 = Release|Any CPU
	EndGlobalSection
	GlobalSection(SolutionProperties) = preSolution
		HideSolutionNode = FALSE
	EndGlobalSection
	GlobalSection(NestedProjects) = preSolution
		{DB321851-269B-4125-B420-9C6F96C638F7} = {02EA681E-C7D8-13C7-8484-4AC65E1B71E8}
		{6B9704D9-26F2-4C54-8B31-312EFFFEAF83} = {02EA681E-C7D8-13C7-8484-4AC65E1B71E8}
		{1E9933CC-ADC5-46D8-BFC8-2ADD14E79DDE} = {02EA681E-C7D8-13C7-8484-4AC65E1B71E8}
		{AB2740CD-F685-4BF5-B1EB-E6259602527B} = {79F5C15E-BE34-45AF-B60B-59B174C1F205}
		{837F2FD7-5B3E-4E0C-93A3-32130B58A129} = {79F5C15E-BE34-45AF-B60B-59B174C1F205}
		{589D23F8-7FCC-4C57-BF69-D774D291D43A} = {79F5C15E-BE34-45AF-B60B-59B174C1F205}
		{F029D411-BC5F-4C97-A383-81902422284E} = {99EB0AB3-7177-4326-A411-10998B6C07DC}
		{D8A104DC-8F8B-47FD-BDB6-BCABC23A4072} = {99EB0AB3-7177-4326-A411-10998B6C07DC}
		{A61B2EA3-569B-41B2-8225-4D478A806042} = {99EB0AB3-7177-4326-A411-10998B6C07DC}
		{99E6CAA1-038E-4C8D-B68F-4EA3AF1EE496} = {BD681FA6-BF8C-4029-A2F7-D67457605874}
		{5DD7A99C-7C62-4258-B287-8B22EB3567F6} = {BD681FA6-BF8C-4029-A2F7-D67457605874}
		{F41582FB-5410-41EB-AE35-E6EBEEEC1A95} = {BD681FA6-BF8C-4029-A2F7-D67457605874}
		{59FBA74B-7E07-4332-A559-C7BADE0622CA} = {D3680EDA-AEC2-425B-8BA6-3DA0A55234DE}
		{BA4C2A88-8704-4BCD-90E0-272EF216631F} = {D3680EDA-AEC2-425B-8BA6-3DA0A55234DE}
		{BB1E3725-B2DC-46F2-9ECC-9C47005AC50B} = {D3680EDA-AEC2-425B-8BA6-3DA0A55234DE}
		{070CEAD5-D90A-464D-AC0E-C5885099A1DC} = {EC06DE08-3BF2-4417-8942-D8A241E20700}
		{FB2DA382-480B-421B-B4C7-959A5EF0C0FF} = {EC06DE08-3BF2-4417-8942-D8A241E20700}
		{BFC9B326-8C6D-47D8-B7C3-8E3B247817D0} = {EC06DE08-3BF2-4417-8942-D8A241E20700}
	EndGlobalSection
	GlobalSection(ExtensibilityGlobals) = postSolution
		SolutionGuid = {636FCC76-2D27-4EAF-989C-8A6ADB3DB4F6}
	EndGlobalSection
EndGlobal
